{
    "_meta": {
        "hash": {
            "sha256": "bdfc02ccc521894a3667eb16268f75c8923d5b10812d1ffb87a54c0ac427a855"
        },
        "host-environment-markers": {
            "implementation_name": "cpython",
            "implementation_version": "3.6.2",
            "os_name": "posix",
            "platform_machine": "x86_64",
            "platform_python_implementation": "CPython",
            "platform_release": "15.5.0",
            "platform_system": "Darwin",
            "platform_version": "Darwin Kernel Version 15.5.0: Tue Apr 19 18:36:36 PDT 2016; root:xnu-3248.50.21~8/RELEASE_X86_64",
            "python_full_version": "3.6.2",
            "python_version": "3.6",
            "sys_platform": "darwin"
        },
        "pipfile-spec": 2,
        "requires": {},
        "sources": [
            {
                "url": "https://pypi.python.org/simple",
                "verify_ssl": true
            }
        ]
    },
    "default": {
        "appnope": {
            "version": "==0.1.0"
        },
        "bkcharts": {
            "version": "==0.2"
        },
        "bokeh": {
            "version": "==0.12.7"
        },
        "certifi": {
            "version": "==2017.7.27.1"
        },
        "chardet": {
            "version": "==3.0.4"
        },
        "colorama": {
            "version": "==0.3.9"
        },
        "decorator": {
            "version": "==4.1.2"
        },
        "future": {
            "version": "==0.16.0"
        },
        "h2o": {
            "version": "==3.10.4.8"
        },
        "idna": {
            "version": "==2.6"
        },
        "ipython": {
            "version": "==6.1.0"
        },
        "ipython-genutils": {
            "version": "==0.2.0"
        },
        "jedi": {
            "version": "==0.10.2"
        },
        "jinja2": {
            "version": "==2.9.6"
        },
        "markupsafe": {
            "version": "==1.0"
        },
        "numpy": {
            "version": "==1.13.1"
        },
        "pexpect": {
            "version": "==4.2.1"
        },
        "pickleshare": {
            "version": "==0.7.4"
        },
        "prompt-toolkit": {
            "version": "==1.0.15"
        },
        "ptyprocess": {
            "version": "==0.5.2"
        },
        "pygments": {
            "version": "==2.2.0"
        },
        "python-dateutil": {
            "version": "==2.6.1"
        },
        "pyyaml": {
            "version": "==3.12"
        },
        "requests": {
            "version": "==2.18.4"
        },
        "scipy": {
            "version": "==0.19.1"
        },
        "simplegeneric": {
            "version": "==0.8.1"
        },
        "six": {
            "version": "==1.10.0"
        },
        "tabulate": {
            "version": "==0.7.7"
        },
        "tornado": {
            "version": "==4.5.2"
        },
        "traitlets": {
            "version": "==4.3.2"
        },
        "urllib3": {
            "version": "==1.22"
        },
        "wcwidth": {
            "version": "==0.1.7"
        }
    },
    "develop": {}
}
